
Microsoft Visual Studio Solution File, Format Version 9.00
# Visual Studio 2005
Project("{8BC9CEB8-8B4A-11D0-8D11-00A0C91BC942}") = "luabind_lib", "luabind_lib.vcproj", "{4054014C-B130-43CE-926F-BEE2E2B79609}"
EndProject
Project("{8BC9CEB8-8B4A-11D0-8D11-00A0C91BC942}") = "test", "test.vcproj", "{115C3C20-3149-4F32-8D5D-2F2536414515}"
EndProject
Global
	GlobalSection(SolutionConfigurationPlatforms) = preSolution
		Debug|Win32 = Debug|Win32
		Release|Win32 = Release|Win32
	EndGlobalSection
	GlobalSection(ProjectConfigurationPlatforms) = postSolution
		{4054014C-B130-43CE-926F-BEE2E2B79609}.Debug|Win32.ActiveCfg = Debug|Win32
		{4054014C-B130-43CE-926F-BEE2E2B79609}.Debug|Win32.Build.0 = Debug|Win32
		{4054014C-B130-43CE-926F-BEE2E2B79609}.Release|Win32.ActiveCfg = Release|Win32
		{4054014C-B130-43CE-926F-BEE2E2B79609}.Release|Win32.Build.0 = Release|Win32
		{115C3C20-3149-4F32-8D5D-2F2536414515}.Debug|Win32.ActiveCfg = Debug|Win32
		{115C3C20-3149-4F32-8D5D-2F2536414515}.Debug|Win32.Build.0 = Debug|Win32
		{115C3C20-3149-4F32-8D5D-2F2536414515}.Release|Win32.ActiveCfg = Release|Win32
		{115C3C20-3149-4F32-8D5D-2F2536414515}.Release|Win32.Build.0 = Release|Win32
	EndGlobalSection
	GlobalSection(SolutionProperties) = preSolution
		HideSolutionNode = FALSE
	EndGlobalSection
EndGlobal
